// !$*UTF8*$!
{
	archiveVersion = 1;
	classes = {};
	objectVersion = 56;
	objects = {
		100000000000000000000001 /* appios.swift in Sources */ = {isa = PBXBuildFile; fileRef = 100000000000000000000002 /* appios.swift */; };
		100000000000000000000002 /* appios.swift */ = {isa = PBXFileReference; lastKnownFileType = sourcecode.swift; path = appios.swift; sourceTree = "<group>"; };
		100000000000000000000003 /* appios.app */ = {isa = PBXFileReference; explicitFileType = wrapper.application; includeInIndex = 0; path = appios.app; sourceTree = BUILT_PRODUCTS_DIR; };
		100000000000000000000004 = {isa = PBXGroup; children = (100000000000000000000005 /* appios */, 100000000000000000000006 /* Products */,); sourceTree = "<group>"; };
		100000000000000000000005 /* appios */ = {isa = PBXGroup; path = appios; sourceTree = "<group>"; children = (100000000000000000000002 /* appios.swift */,); };
		100000000000000000000006 /* Products */ = {isa = PBXGroup; name = Products; sourceTree = "<group>"; children = (100000000000000000000003 /* appios.app */,); };
		100000000000000000000007 /* Sources */ = {isa = PBXSourcesBuildPhase; buildActionMask = 2147483647; files = (100000000000000000000001 /* appios.swift in Sources */,); runOnlyForDeploymentPostprocessing = 0; };
		100000000000000000000008 /* Frameworks */ = {isa = PBXFrameworksBuildPhase; buildActionMask = 2147483647; files = (); runOnlyForDeploymentPostprocessing = 0; };
		100000000000000000000009 /* Resources */ = {isa = PBXResourcesBuildPhase; buildActionMask = 2147483647; files = (); runOnlyForDeploymentPostprocessing = 0; };
		10000000000000000000000A /* appios */ = {isa = PBXNativeTarget; buildConfigurationList = 10000000000000000000000B; buildPhases = (100000000000000000000007 /* Sources */, 100000000000000000000008 /* Frameworks */, 100000000000000000000009 /* Resources */,); buildRules = (); dependencies = (); name = appios; productName = appios; productReference = 100000000000000000000003 /* appios.app */; productType = "com.apple.product-type.application"; };
		10000000000000000000000C /* Project object */ = {isa = PBXProject; attributes = {BuildIndependentTargetsInParallel = 1; LastUpgradeCheck = 1600; }; buildConfigurationList = 10000000000000000000000D; compatibilityVersion = "Xcode 14.0"; developmentRegion = ru; hasScannedForEncodings = 0; knownRegions = (ru, en, Base,); mainGroup = 100000000000000000000004; productRefGroup = 100000000000000000000006 /* Products */; projectDirPath = ""; projectRoot = ""; targets = (10000000000000000000000A /* appios */,); };
		10000000000000000000000E /* Debug */ = {isa = XCBuildConfiguration; buildSettings = {ALWAYS_SEARCH_USER_PATHS = NO; CLANG_ENABLE_MODULES = YES; IPHONEOS_DEPLOYMENT_TARGET = 17.0; SDKROOT = iphoneos; SWIFT_VERSION = 5.0; }; name = Debug; };
		10000000000000000000000F /* Release */ = {isa = XCBuildConfiguration; buildSettings = {ALWAYS_SEARCH_USER_PATHS = NO; CLANG_ENABLE_MODULES = YES; IPHONEOS_DEPLOYMENT_TARGET = 17.0; SDKROOT = iphoneos; SWIFT_VERSION = 5.0; }; name = Release; };
		100000000000000000000010 /* Debug appios */ = {isa = XCBuildConfiguration; buildSettings = {ASSETCATALOG_COMPILER_APPICON_NAME = AppIcon; CODE_SIGN_STYLE = Automatic; GENERATE_INFOPLIST_FILE = YES; INFOPLIST_KEY_CFBundleDisplayName = Move; INFOPLIST_KEY_UILaunchScreen_Generation = YES; IPHONEOS_DEPLOYMENT_TARGET = 17.0; PRODUCT_BUNDLE_IDENTIFIER = ru.aksa4y.move; PRODUCT_NAME = "$(TARGET_NAME)"; SWIFT_EMIT_LOC_STRINGS = YES; SWIFT_VERSION = 5.0; TARGETED_DEVICE_FAMILY = "1,2"; }; name = Debug; };
		100000000000000000000011 /* Release appios */ = {isa = XCBuildConfiguration; buildSettings = {ASSETCATALOG_COMPILER_APPICON_NAME = AppIcon; CODE_SIGN_STYLE = Automatic; GENERATE_INFOPLIST_FILE = YES; INFOPLIST_KEY_CFBundleDisplayName = Move; INFOPLIST_KEY_UILaunchScreen_Generation = YES; IPHONEOS_DEPLOYMENT_TARGET = 17.0; PRODUCT_BUNDLE_IDENTIFIER = ru.aksa4y.move; PRODUCT_NAME = "$(TARGET_NAME)"; SWIFT_EMIT_LOC_STRINGS = YES; SWIFT_VERSION = 5.0; TARGETED_DEVICE_FAMILY = "1,2"; }; name = Release; };
		10000000000000000000000B /* Build configuration list for PBXNativeTarget "appios" */ = {isa = XCConfigurationList; buildConfigurations = (100000000000000000000010 /* Debug appios */, 100000000000000000000011 /* Release appios */,); defaultConfigurationIsVisible = 0; defaultConfigurationName = Release; };
		10000000000000000000000D /* Build configuration list for PBXProject "appios" */ = {isa = XCConfigurationList; buildConfigurations = (10000000000000000000000E /* Debug */, 10000000000000000000000F /* Release */,); defaultConfigurationIsVisible = 0; defaultConfigurationName = Release; };
	};
	rootObject = 10000000000000000000000C /* Project object */;
}
